
Microsoft Visual Studio Solution File, Format Version 12.00
# Visual Studio Version 16
VisualStudioVersion = 16.0.30128.74
MinimumVisualStudioVersion = 10.0.40219.1
Project("{2150E333-8FDC-42A3-9474-1A3956D46DE8}") = "src", "src", "{31AA3146-8803-4B07-9E0F-30133D2B46E1}"
EndProject
Project("{9A19103F-16F7-4668-BE54-9A1E7A4F7556}") = "EasyData.Core", "easydata.net\src\EasyData.Core\EasyData.Core.csproj", "{13C5510F-6B6E-44EC-B6E8-3A7259022E8F}"
EndProject
Project("{9A19103F-16F7-4668-BE54-9A1E7A4F7556}") = "EasyData.EntityFrameworkCore.Relational", "easydata.net\src\EasyData.EntityFrameworkCore.Relational\EasyData.EntityFrameworkCore.Relational.csproj", "{225FC9AE-7FF8-46C0-AC74-A14DD17D8B36}"
EndProject
Project("{9A19103F-16F7-4668-BE54-9A1E7A4F7556}") = "EasyData.AspNetCore", "easydata.net\src\EasyData.AspNetCore\EasyData.AspNetCore.csproj", "{CA9CE555-3472-4985-9009-C27F6AC7C35A}"
EndProject
Global
	GlobalSection(SolutionConfigurationPlatforms) = preSolution
		Debug|Any CPU = Debug|Any CPU
		Release|Any CPU = Release|Any CPU
	EndGlobalSection
	GlobalSection(ProjectConfigurationPlatforms) = postSolution
		{13C5510F-6B6E-44EC-B6E8-3A7259022E8F}.Debug|Any CPU.ActiveCfg = Debug|Any CPU
		{13C5510F-6B6E-44EC-B6E8-3A7259022E8F}.Debug|Any CPU.Build.0 = Debug|Any CPU
		{13C5510F-6B6E-44EC-B6E8-3A7259022E8F}.Release|Any CPU.ActiveCfg = Release|Any CPU
		{13C5510F-6B6E-44EC-B6E8-3A7259022E8F}.Release|Any CPU.Build.0 = Release|Any CPU
		{225FC9AE-7FF8-46C0-AC74-A14DD17D8B36}.Debug|Any CPU.ActiveCfg = Debug|Any CPU
		{225FC9AE-7FF8-46C0-AC74-A14DD17D8B36}.Debug|Any CPU.Build.0 = Debug|Any CPU
		{225FC9AE-7FF8-46C0-AC74-A14DD17D8B36}.Release|Any CPU.ActiveCfg = Release|Any CPU
		{225FC9AE-7FF8-46C0-AC74-A14DD17D8B36}.Release|Any CPU.Build.0 = Release|Any CPU
		{CA9CE555-3472-4985-9009-C27F6AC7C35A}.Debug|Any CPU.ActiveCfg = Debug|Any CPU
		{CA9CE555-3472-4985-9009-C27F6AC7C35A}.Debug|Any CPU.Build.0 = Debug|Any CPU
		{CA9CE555-3472-4985-9009-C27F6AC7C35A}.Release|Any CPU.ActiveCfg = Release|Any CPU
		{CA9CE555-3472-4985-9009-C27F6AC7C35A}.Release|Any CPU.Build.0 = Release|Any CPU
	EndGlobalSection
	GlobalSection(SolutionProperties) = preSolution
		HideSolutionNode = FALSE
	EndGlobalSection
	GlobalSection(NestedProjects) = preSolution
		{13C5510F-6B6E-44EC-B6E8-3A7259022E8F} = {31AA3146-8803-4B07-9E0F-30133D2B46E1}
		{225FC9AE-7FF8-46C0-AC74-A14DD17D8B36} = {31AA3146-8803-4B07-9E0F-30133D2B46E1}
		{CA9CE555-3472-4985-9009-C27F6AC7C35A} = {31AA3146-8803-4B07-9E0F-30133D2B46E1}
	EndGlobalSection
	GlobalSection(ExtensibilityGlobals) = postSolution
		SolutionGuid = {3511A88C-6DCD-4D80-BF6F-1EA767B2B0F6}
	EndGlobalSection
EndGlobal
