
Microsoft Visual Studio Solution File, Format Version 12.00
# Visual Studio Version 17
VisualStudioVersion = 17.0.32014.148
MinimumVisualStudioVersion = 10.0.40219.1
Project("{2150E333-8FDC-42A3-9474-1A3956D46DE8}") = "playground", "playground", "{15E56031-436B-4009-991A-0C0981A93F76}"
EndProject
Project("{2150E333-8FDC-42A3-9474-1A3956D46DE8}") = "src", "src", "{03351042-6C55-496B-A725-0B187F61A159}"
EndProject
Project("{2150E333-8FDC-42A3-9474-1A3956D46DE8}") = "test", "test", "{CFBEA05D-5911-42F0-B647-AF9FCC95B5DA}"
EndProject
Project("{9A19103F-16F7-4668-BE54-9A1E7A4F7556}") = "EasyData.Core", "easydata.net\src\EasyData.Core\EasyData.Core.csproj", "{2428DE29-4A76-4130-95CC-6126313414A7}"
EndProject
Project("{9A19103F-16F7-4668-BE54-9A1E7A4F7556}") = "EasyData.AspNetCore", "easydata.net\src\EasyData.AspNetCore\EasyData.AspNetCore.csproj", "{90E2D659-88F5-475E-BC57-BE4072B28BDD}"
EndProject
Project("{9A19103F-16F7-4668-BE54-9A1E7A4F7556}") = "EasyData.EntityFrameworkCore.Relational", "easydata.net\src\EasyData.EntityFrameworkCore.Relational\EasyData.EntityFrameworkCore.Relational.csproj", "{6932386C-2619-41F9-B72B-95C989CEA605}"
EndProject
Project("{9A19103F-16F7-4668-BE54-9A1E7A4F7556}") = "EasyData.Core.Tests", "easydata.net\test\EasyData.Core.Test\EasyData.Core.Tests.csproj", "{33EF6180-5CD8-4E00-A015-3715E92B049E}"
EndProject
Project("{9A19103F-16F7-4668-BE54-9A1E7A4F7556}") = "EasyData.AspNetCore.Tests", "easydata.net\test\EasyData.AspNetCore.Tests\EasyData.AspNetCore.Tests.csproj", "{E3DC30EE-52B0-4CEC-959B-71A4DC01DAB7}"
EndProject
Project("{9A19103F-16F7-4668-BE54-9A1E7A4F7556}") = "EasyData.EntityFrameworkCore.Relational.Tests", "easydata.net\test\EasyData.EntityFrameworkCore.Relational.Tests\EasyData.EntityFrameworkCore.Relational.Tests.csproj", "{F2686C76-54B1-4174-9EDE-58C3E80B0C56}"
EndProject
Project("{9A19103F-16F7-4668-BE54-9A1E7A4F7556}") = "EasyDataAspNetCoreTest01", "playground\EasyDataAspNetCoreTest01\EasyDataAspNetCoreTest01.csproj", "{6A3E57D5-CA33-4055-9D8D-69186B51F94C}"
EndProject
Project("{9A19103F-16F7-4668-BE54-9A1E7A4F7556}") = "EasyDataAspNetCoreTest02", "playground\EasyDataAspNetCoreTest02\EasyDataAspNetCoreTest02.csproj", "{19E8A685-2D14-4D2A-9E68-449257156252}"
EndProject
Project("{9A19103F-16F7-4668-BE54-9A1E7A4F7556}") = "EasyData.Exporters", "easydata.net\src\EasyData.Exporters\EasyData.Exporters.csproj", "{93FB4677-2707-4787-8FD7-68438AE4A8BC}"
EndProject
Project("{9A19103F-16F7-4668-BE54-9A1E7A4F7556}") = "EasyData.Exporters.Default", "easydata.net\src\EasyData.Exporters.Default\EasyData.Exporters.Default.csproj", "{7F38FDD3-3D42-4440-8699-4A51227BD58F}"
EndProject
Project("{9A19103F-16F7-4668-BE54-9A1E7A4F7556}") = "EasyData.Exporters.ClosedXML", "easydata.net\src\EasyData.Exporters.ClosedXML\EasyData.Exporters.ClosedXML.csproj", "{51C1C2CD-33EF-4664-818B-AA0E0B0784E9}"
EndProject
Project("{9A19103F-16F7-4668-BE54-9A1E7A4F7556}") = "EasyData.Exporters.PdfSharp", "easydata.net\src\EasyData.Exporters.PdfSharp\EasyData.Exporters.PdfSharp.csproj", "{8BE02066-E338-4A6B-AA1A-DC8B68A42319}"
EndProject
Project("{9A19103F-16F7-4668-BE54-9A1E7A4F7556}") = "EasyDataAspNetCoreTest03", "playground\EasyDataAspNetCoreTest03\EasyDataAspNetCoreTest03.csproj", "{383F50EE-B326-47CC-935F-A35AB6053929}"
EndProject
Project("{9A19103F-16F7-4668-BE54-9A1E7A4F7556}") = "EasyDataTest", "playground\EasyDataTest\EasyDataTest.csproj", "{5869B759-B97A-475D-A3C5-B34BEF5FA1AD}"
EndProject
Global
	GlobalSection(SolutionConfigurationPlatforms) = preSolution
		Debug|Any CPU = Debug|Any CPU
		Release|Any CPU = Release|Any CPU
	EndGlobalSection
	GlobalSection(ProjectConfigurationPlatforms) = postSolution
		{2428DE29-4A76-4130-95CC-6126313414A7}.Debug|Any CPU.ActiveCfg = Debug|Any CPU
		{2428DE29-4A76-4130-95CC-6126313414A7}.Debug|Any CPU.Build.0 = Debug|Any CPU
		{2428DE29-4A76-4130-95CC-6126313414A7}.Release|Any CPU.ActiveCfg = Release|Any CPU
		{2428DE29-4A76-4130-95CC-6126313414A7}.Release|Any CPU.Build.0 = Release|Any CPU
		{90E2D659-88F5-475E-BC57-BE4072B28BDD}.Debug|Any CPU.ActiveCfg = Debug|Any CPU
		{90E2D659-88F5-475E-BC57-BE4072B28BDD}.Debug|Any CPU.Build.0 = Debug|Any CPU
		{90E2D659-88F5-475E-BC57-BE4072B28BDD}.Release|Any CPU.ActiveCfg = Release|Any CPU
		{90E2D659-88F5-475E-BC57-BE4072B28BDD}.Release|Any CPU.Build.0 = Release|Any CPU
		{6932386C-2619-41F9-B72B-95C989CEA605}.Debug|Any CPU.ActiveCfg = Debug|Any CPU
		{6932386C-2619-41F9-B72B-95C989CEA605}.Debug|Any CPU.Build.0 = Debug|Any CPU
		{6932386C-2619-41F9-B72B-95C989CEA605}.Release|Any CPU.ActiveCfg = Release|Any CPU
		{6932386C-2619-41F9-B72B-95C989CEA605}.Release|Any CPU.Build.0 = Release|Any CPU
		{33EF6180-5CD8-4E00-A015-3715E92B049E}.Debug|Any CPU.ActiveCfg = Debug|Any CPU
		{33EF6180-5CD8-4E00-A015-3715E92B049E}.Debug|Any CPU.Build.0 = Debug|Any CPU
		{33EF6180-5CD8-4E00-A015-3715E92B049E}.Release|Any CPU.ActiveCfg = Release|Any CPU
		{33EF6180-5CD8-4E00-A015-3715E92B049E}.Release|Any CPU.Build.0 = Release|Any CPU
		{E3DC30EE-52B0-4CEC-959B-71A4DC01DAB7}.Debug|Any CPU.ActiveCfg = Debug|Any CPU
		{E3DC30EE-52B0-4CEC-959B-71A4DC01DAB7}.Debug|Any CPU.Build.0 = Debug|Any CPU
		{E3DC30EE-52B0-4CEC-959B-71A4DC01DAB7}.Release|Any CPU.ActiveCfg = Release|Any CPU
		{E3DC30EE-52B0-4CEC-959B-71A4DC01DAB7}.Release|Any CPU.Build.0 = Release|Any CPU
		{F2686C76-54B1-4174-9EDE-58C3E80B0C56}.Debug|Any CPU.ActiveCfg = Debug|Any CPU
		{F2686C76-54B1-4174-9EDE-58C3E80B0C56}.Debug|Any CPU.Build.0 = Debug|Any CPU
		{F2686C76-54B1-4174-9EDE-58C3E80B0C56}.Release|Any CPU.ActiveCfg = Release|Any CPU
		{F2686C76-54B1-4174-9EDE-58C3E80B0C56}.Release|Any CPU.Build.0 = Release|Any CPU
		{6A3E57D5-CA33-4055-9D8D-69186B51F94C}.Debug|Any CPU.ActiveCfg = Debug|Any CPU
		{6A3E57D5-CA33-4055-9D8D-69186B51F94C}.Debug|Any CPU.Build.0 = Debug|Any CPU
		{6A3E57D5-CA33-4055-9D8D-69186B51F94C}.Release|Any CPU.ActiveCfg = Release|Any CPU
		{6A3E57D5-CA33-4055-9D8D-69186B51F94C}.Release|Any CPU.Build.0 = Release|Any CPU
		{19E8A685-2D14-4D2A-9E68-449257156252}.Debug|Any CPU.ActiveCfg = Debug|Any CPU
		{19E8A685-2D14-4D2A-9E68-449257156252}.Debug|Any CPU.Build.0 = Debug|Any CPU
		{19E8A685-2D14-4D2A-9E68-449257156252}.Release|Any CPU.ActiveCfg = Release|Any CPU
		{19E8A685-2D14-4D2A-9E68-449257156252}.Release|Any CPU.Build.0 = Release|Any CPU
		{93FB4677-2707-4787-8FD7-68438AE4A8BC}.Debug|Any CPU.ActiveCfg = Debug|Any CPU
		{93FB4677-2707-4787-8FD7-68438AE4A8BC}.Debug|Any CPU.Build.0 = Debug|Any CPU
		{93FB4677-2707-4787-8FD7-68438AE4A8BC}.Release|Any CPU.ActiveCfg = Release|Any CPU
		{93FB4677-2707-4787-8FD7-68438AE4A8BC}.Release|Any CPU.Build.0 = Release|Any CPU
		{7F38FDD3-3D42-4440-8699-4A51227BD58F}.Debug|Any CPU.ActiveCfg = Debug|Any CPU
		{7F38FDD3-3D42-4440-8699-4A51227BD58F}.Debug|Any CPU.Build.0 = Debug|Any CPU
		{7F38FDD3-3D42-4440-8699-4A51227BD58F}.Release|Any CPU.ActiveCfg = Release|Any CPU
		{7F38FDD3-3D42-4440-8699-4A51227BD58F}.Release|Any CPU.Build.0 = Release|Any CPU
		{51C1C2CD-33EF-4664-818B-AA0E0B0784E9}.Debug|Any CPU.ActiveCfg = Debug|Any CPU
		{51C1C2CD-33EF-4664-818B-AA0E0B0784E9}.Debug|Any CPU.Build.0 = Debug|Any CPU
		{51C1C2CD-33EF-4664-818B-AA0E0B0784E9}.Release|Any CPU.ActiveCfg = Release|Any CPU
		{51C1C2CD-33EF-4664-818B-AA0E0B0784E9}.Release|Any CPU.Build.0 = Release|Any CPU
		{8BE02066-E338-4A6B-AA1A-DC8B68A42319}.Debug|Any CPU.ActiveCfg = Debug|Any CPU
		{8BE02066-E338-4A6B-AA1A-DC8B68A42319}.Debug|Any CPU.Build.0 = Debug|Any CPU
		{8BE02066-E338-4A6B-AA1A-DC8B68A42319}.Release|Any CPU.ActiveCfg = Release|Any CPU
		{8BE02066-E338-4A6B-AA1A-DC8B68A42319}.Release|Any CPU.Build.0 = Release|Any CPU
		{383F50EE-B326-47CC-935F-A35AB6053929}.Debug|Any CPU.ActiveCfg = Debug|Any CPU
		{383F50EE-B326-47CC-935F-A35AB6053929}.Debug|Any CPU.Build.0 = Debug|Any CPU
		{383F50EE-B326-47CC-935F-A35AB6053929}.Release|Any CPU.ActiveCfg = Release|Any CPU
		{383F50EE-B326-47CC-935F-A35AB6053929}.Release|Any CPU.Build.0 = Release|Any CPU
		{5869B759-B97A-475D-A3C5-B34BEF5FA1AD}.Debug|Any CPU.ActiveCfg = Debug|Any CPU
		{5869B759-B97A-475D-A3C5-B34BEF5FA1AD}.Debug|Any CPU.Build.0 = Debug|Any CPU
		{5869B759-B97A-475D-A3C5-B34BEF5FA1AD}.Release|Any CPU.ActiveCfg = Release|Any CPU
		{5869B759-B97A-475D-A3C5-B34BEF5FA1AD}.Release|Any CPU.Build.0 = Release|Any CPU
	EndGlobalSection
	GlobalSection(SolutionProperties) = preSolution
		HideSolutionNode = FALSE
	EndGlobalSection
	GlobalSection(NestedProjects) = preSolution
		{2428DE29-4A76-4130-95CC-6126313414A7} = {03351042-6C55-496B-A725-0B187F61A159}
		{90E2D659-88F5-475E-BC57-BE4072B28BDD} = {03351042-6C55-496B-A725-0B187F61A159}
		{6932386C-2619-41F9-B72B-95C989CEA605} = {03351042-6C55-496B-A725-0B187F61A159}
		{33EF6180-5CD8-4E00-A015-3715E92B049E} = {CFBEA05D-5911-42F0-B647-AF9FCC95B5DA}
		{E3DC30EE-52B0-4CEC-959B-71A4DC01DAB7} = {CFBEA05D-5911-42F0-B647-AF9FCC95B5DA}
		{F2686C76-54B1-4174-9EDE-58C3E80B0C56} = {CFBEA05D-5911-42F0-B647-AF9FCC95B5DA}
		{6A3E57D5-CA33-4055-9D8D-69186B51F94C} = {15E56031-436B-4009-991A-0C0981A93F76}
		{19E8A685-2D14-4D2A-9E68-449257156252} = {15E56031-436B-4009-991A-0C0981A93F76}
		{93FB4677-2707-4787-8FD7-68438AE4A8BC} = {03351042-6C55-496B-A725-0B187F61A159}
		{7F38FDD3-3D42-4440-8699-4A51227BD58F} = {03351042-6C55-496B-A725-0B187F61A159}
		{51C1C2CD-33EF-4664-818B-AA0E0B0784E9} = {03351042-6C55-496B-A725-0B187F61A159}
		{8BE02066-E338-4A6B-AA1A-DC8B68A42319} = {03351042-6C55-496B-A725-0B187F61A159}
		{383F50EE-B326-47CC-935F-A35AB6053929} = {15E56031-436B-4009-991A-0C0981A93F76}
		{5869B759-B97A-475D-A3C5-B34BEF5FA1AD} = {15E56031-436B-4009-991A-0C0981A93F76}
	EndGlobalSection
	GlobalSection(ExtensibilityGlobals) = postSolution
		SolutionGuid = {10A72635-95B3-4077-908D-02AAA9A49601}
	EndGlobalSection
EndGlobal
