
Microsoft Visual Studio Solution File, Format Version 12.00
# Visual Studio Version 17
VisualStudioVersion = 17.0.32014.148
MinimumVisualStudioVersion = 10.0.40219.1
Project("{9A19103F-16F7-4668-BE54-9A1E7A4F7556}") = "EasyDataBasicDemo.RazorPages.NetCore31", "samples\EasyDataBasicDemo.RazorPages.NetCore31\EasyDataBasicDemo.RazorPages.NetCore31.csproj", "{A7B1EF24-2DDF-4512-AF72-34102913BF78}"
EndProject
Project("{9A19103F-16F7-4668-BE54-9A1E7A4F7556}") = "EasyDataBasicDemo.RazorPages.Net6", "samples\EasyDataBasicDemo.RazorPages.Net6\EasyDataBasicDemo.RazorPages.Net6.csproj", "{409FEE7C-2FDA-4122-974F-1306063E8BA3}"
EndProject
Project("{9A19103F-16F7-4668-BE54-9A1E7A4F7556}") = "EasyDataBasicDemo.MVC.Net6", "samples\EasyDataBasicDemo.MVC.Net6\EasyDataBasicDemo.MVC.Net6.csproj", "{372941BD-ED35-4AA2-B5CC-946527F66440}"
EndProject
Project("{9A19103F-16F7-4668-BE54-9A1E7A4F7556}") = "EasyDataBasicDemo.Angular.Net6", "samples\EasyDataBasicDemo.Angular.Net6\EasyDataBasicDemo.Angular.Net6.csproj", "{4BBC1DDE-416B-4370-9345-0A0FAA53ED63}"
EndProject
Project("{9A19103F-16F7-4668-BE54-9A1E7A4F7556}") = "EasyDataBasicDemo.React.Net6", "samples\EasyDataBasicDemo.React.Net6\EasyDataBasicDemo.React.Net6.csproj", "{A1FFADD3-A719-4989-AF96-76CF057595F2}"
EndProject
Project("{9A19103F-16F7-4668-BE54-9A1E7A4F7556}") = "EasyDataBasicDemo.BlazorAppServer.Net6", "samples\EasyDataBasicDemo.BlazorAppServer.Net6\EasyDataBasicDemo.BlazorAppServer.Net6.csproj", "{7D40E51C-607D-4017-A11B-901D3AA62DC1}"
EndProject
Project("{FAE04EC0-301F-11D3-BF4B-00C04F79EFBC}") = "EasyDataBasicDemo.BlazorWebAsm.Net6.Server", "samples\EasyDataBasicDemo.BlazorWebAsm.Net6\Server\EasyDataBasicDemo.BlazorWebAsm.Net6.Server.csproj", "{E5D61E8C-0F94-4AA6-BEC2-90AF75F79BC7}"
EndProject
Project("{FAE04EC0-301F-11D3-BF4B-00C04F79EFBC}") = "EasyDataBasicDemo.BlazorWebAsm.Net6.Client", "samples\EasyDataBasicDemo.BlazorWebAsm.Net6\Client\EasyDataBasicDemo.BlazorWebAsm.Net6.Client.csproj", "{B057469E-32A2-4CC8-99C9-AA8E9439A352}"
EndProject
Project("{FAE04EC0-301F-11D3-BF4B-00C04F79EFBC}") = "EasyDataBasicDemo.BlazorWebAsm.Net6.Shared", "samples\EasyDataBasicDemo.BlazorWebAsm.Net6\Shared\EasyDataBasicDemo.BlazorWebAsm.Net6.Shared.csproj", "{8E8FF59C-05B1-4902-9894-6E09C7C6DBE6}"
EndProject
Project("{2150E333-8FDC-42A3-9474-1A3956D46DE8}") = "EasyDataBasicDemo.BlazorWebAsm.Net6", "EasyDataBasicDemo.BlazorWebAsm.Net6", "{B86364F5-A2C3-4578-AE5A-41B61D831E7D}"
EndProject
Global
	GlobalSection(SolutionConfigurationPlatforms) = preSolution
		Debug|Any CPU = Debug|Any CPU
		Release|Any CPU = Release|Any CPU
	EndGlobalSection
	GlobalSection(ProjectConfigurationPlatforms) = postSolution
		{A7B1EF24-2DDF-4512-AF72-34102913BF78}.Debug|Any CPU.ActiveCfg = Debug|Any CPU
		{A7B1EF24-2DDF-4512-AF72-34102913BF78}.Debug|Any CPU.Build.0 = Debug|Any CPU
		{A7B1EF24-2DDF-4512-AF72-34102913BF78}.Release|Any CPU.ActiveCfg = Release|Any CPU
		{A7B1EF24-2DDF-4512-AF72-34102913BF78}.Release|Any CPU.Build.0 = Release|Any CPU
		{409FEE7C-2FDA-4122-974F-1306063E8BA3}.Debug|Any CPU.ActiveCfg = Debug|Any CPU
		{409FEE7C-2FDA-4122-974F-1306063E8BA3}.Debug|Any CPU.Build.0 = Debug|Any CPU
		{409FEE7C-2FDA-4122-974F-1306063E8BA3}.Release|Any CPU.ActiveCfg = Release|Any CPU
		{409FEE7C-2FDA-4122-974F-1306063E8BA3}.Release|Any CPU.Build.0 = Release|Any CPU
		{372941BD-ED35-4AA2-B5CC-946527F66440}.Debug|Any CPU.ActiveCfg = Debug|Any CPU
		{372941BD-ED35-4AA2-B5CC-946527F66440}.Debug|Any CPU.Build.0 = Debug|Any CPU
		{372941BD-ED35-4AA2-B5CC-946527F66440}.Release|Any CPU.ActiveCfg = Release|Any CPU
		{372941BD-ED35-4AA2-B5CC-946527F66440}.Release|Any CPU.Build.0 = Release|Any CPU
		{4BBC1DDE-416B-4370-9345-0A0FAA53ED63}.Debug|Any CPU.ActiveCfg = Debug|Any CPU
		{4BBC1DDE-416B-4370-9345-0A0FAA53ED63}.Debug|Any CPU.Build.0 = Debug|Any CPU
		{4BBC1DDE-416B-4370-9345-0A0FAA53ED63}.Release|Any CPU.ActiveCfg = Release|Any CPU
		{4BBC1DDE-416B-4370-9345-0A0FAA53ED63}.Release|Any CPU.Build.0 = Release|Any CPU
		{A1FFADD3-A719-4989-AF96-76CF057595F2}.Debug|Any CPU.ActiveCfg = Debug|Any CPU
		{A1FFADD3-A719-4989-AF96-76CF057595F2}.Debug|Any CPU.Build.0 = Debug|Any CPU
		{A1FFADD3-A719-4989-AF96-76CF057595F2}.Release|Any CPU.ActiveCfg = Release|Any CPU
		{A1FFADD3-A719-4989-AF96-76CF057595F2}.Release|Any CPU.Build.0 = Release|Any CPU
		{7D40E51C-607D-4017-A11B-901D3AA62DC1}.Debug|Any CPU.ActiveCfg = Debug|Any CPU
		{7D40E51C-607D-4017-A11B-901D3AA62DC1}.Debug|Any CPU.Build.0 = Debug|Any CPU
		{7D40E51C-607D-4017-A11B-901D3AA62DC1}.Release|Any CPU.ActiveCfg = Release|Any CPU
		{7D40E51C-607D-4017-A11B-901D3AA62DC1}.Release|Any CPU.Build.0 = Release|Any CPU
		{E5D61E8C-0F94-4AA6-BEC2-90AF75F79BC7}.Debug|Any CPU.ActiveCfg = Debug|Any CPU
		{E5D61E8C-0F94-4AA6-BEC2-90AF75F79BC7}.Debug|Any CPU.Build.0 = Debug|Any CPU
		{E5D61E8C-0F94-4AA6-BEC2-90AF75F79BC7}.Release|Any CPU.ActiveCfg = Release|Any CPU
		{E5D61E8C-0F94-4AA6-BEC2-90AF75F79BC7}.Release|Any CPU.Build.0 = Release|Any CPU
		{B057469E-32A2-4CC8-99C9-AA8E9439A352}.Debug|Any CPU.ActiveCfg = Debug|Any CPU
		{B057469E-32A2-4CC8-99C9-AA8E9439A352}.Debug|Any CPU.Build.0 = Debug|Any CPU
		{B057469E-32A2-4CC8-99C9-AA8E9439A352}.Release|Any CPU.ActiveCfg = Release|Any CPU
		{B057469E-32A2-4CC8-99C9-AA8E9439A352}.Release|Any CPU.Build.0 = Release|Any CPU
		{8E8FF59C-05B1-4902-9894-6E09C7C6DBE6}.Debug|Any CPU.ActiveCfg = Debug|Any CPU
		{8E8FF59C-05B1-4902-9894-6E09C7C6DBE6}.Debug|Any CPU.Build.0 = Debug|Any CPU
		{8E8FF59C-05B1-4902-9894-6E09C7C6DBE6}.Release|Any CPU.ActiveCfg = Release|Any CPU
		{8E8FF59C-05B1-4902-9894-6E09C7C6DBE6}.Release|Any CPU.Build.0 = Release|Any CPU
	EndGlobalSection
	GlobalSection(SolutionProperties) = preSolution
		HideSolutionNode = FALSE
	EndGlobalSection
	GlobalSection(NestedProjects) = preSolution
		{E5D61E8C-0F94-4AA6-BEC2-90AF75F79BC7} = {B86364F5-A2C3-4578-AE5A-41B61D831E7D}
		{B057469E-32A2-4CC8-99C9-AA8E9439A352} = {B86364F5-A2C3-4578-AE5A-41B61D831E7D}
		{8E8FF59C-05B1-4902-9894-6E09C7C6DBE6} = {B86364F5-A2C3-4578-AE5A-41B61D831E7D}
	EndGlobalSection
	GlobalSection(ExtensibilityGlobals) = postSolution
		SolutionGuid = {15562A42-D965-4A8E-B708-CF2E36429B26}
	EndGlobalSection
EndGlobal
