
Microsoft Visual Studio Solution File, Format Version 12.00
# Visual Studio Version 16
VisualStudioVersion = 16.0.30128.74
MinimumVisualStudioVersion = 10.0.40219.1
Project("{2150E333-8FDC-42A3-9474-1A3956D46DE8}") = "src", "src", "{31AA3146-8803-4B07-9E0F-30133D2B46E1}"
EndProject
Project("{2150E333-8FDC-42A3-9474-1A3956D46DE8}") = "samples", "samples", "{0957E6EC-B9F4-4218-91CF-02D5999E7464}"
EndProject
Project("{2150E333-8FDC-42A3-9474-1A3956D46DE8}") = "test", "test", "{AFA27B1D-9AD5-4592-8F01-3820735869DD}"
EndProject
Project("{FAE04EC0-301F-11D3-BF4B-00C04F79EFBC}") = "EasyData.Core", "src\EasyData.Core\EasyData.Core.csproj", "{13C5510F-6B6E-44EC-B6E8-3A7259022E8F}"
EndProject
Global
	GlobalSection(SolutionConfigurationPlatforms) = preSolution
		Debug|Any CPU = Debug|Any CPU
		Release|Any CPU = Release|Any CPU
	EndGlobalSection
	GlobalSection(ProjectConfigurationPlatforms) = postSolution
		{13C5510F-6B6E-44EC-B6E8-3A7259022E8F}.Debug|Any CPU.ActiveCfg = Debug|Any CPU
		{13C5510F-6B6E-44EC-B6E8-3A7259022E8F}.Debug|Any CPU.Build.0 = Debug|Any CPU
		{13C5510F-6B6E-44EC-B6E8-3A7259022E8F}.Release|Any CPU.ActiveCfg = Release|Any CPU
		{13C5510F-6B6E-44EC-B6E8-3A7259022E8F}.Release|Any CPU.Build.0 = Release|Any CPU
	EndGlobalSection
	GlobalSection(SolutionProperties) = preSolution
		HideSolutionNode = FALSE
	EndGlobalSection
	GlobalSection(NestedProjects) = preSolution
		{13C5510F-6B6E-44EC-B6E8-3A7259022E8F} = {31AA3146-8803-4B07-9E0F-30133D2B46E1}
	EndGlobalSection
	GlobalSection(ExtensibilityGlobals) = postSolution
		SolutionGuid = {3511A88C-6DCD-4D80-BF6F-1EA767B2B0F6}
	EndGlobalSection
EndGlobal
