
Microsoft Visual Studio Solution File, Format Version 12.00
# Visual Studio Version 16
VisualStudioVersion = 16.0.30128.74
MinimumVisualStudioVersion = 10.0.40219.1
Project("{2150E333-8FDC-42A3-9474-1A3956D46DE8}") = "src", "src", "{31AA3146-8803-4B07-9E0F-30133D2B46E1}"
EndProject
Project("{2150E333-8FDC-42A3-9474-1A3956D46DE8}") = "samples", "samples", "{0957E6EC-B9F4-4218-91CF-02D5999E7464}"
EndProject
Project("{2150E333-8FDC-42A3-9474-1A3956D46DE8}") = "test", "test", "{AFA27B1D-9AD5-4592-8F01-3820735869DD}"
EndProject
Project("{9A19103F-16F7-4668-BE54-9A1E7A4F7556}") = "EasyData.Core", "easydata.net\src\EasyData.Core\EasyData.Core.csproj", "{13C5510F-6B6E-44EC-B6E8-3A7259022E8F}"
EndProject
Project("{9A19103F-16F7-4668-BE54-9A1E7A4F7556}") = "EasyData.Core.Test", "easydata.net\test\EasyData.Core.Test\EasyData.Core.Test.csproj", "{8D9A1317-00FC-4464-AFFB-68A9DDD090AD}"
EndProject
Project("{9A19103F-16F7-4668-BE54-9A1E7A4F7556}") = "EasyData.EntityFrameworkCore.Relational", "easydata.net\src\EasyData.EntityFrameworkCore.Relational\EasyData.EntityFrameworkCore.Relational.csproj", "{225FC9AE-7FF8-46C0-AC74-A14DD17D8B36}"
EndProject
Project("{9A19103F-16F7-4668-BE54-9A1E7A4F7556}") = "EasyData.AspNetCore", "easydata.net\src\EasyData.AspNetCore\EasyData.AspNetCore.csproj", "{CA9CE555-3472-4985-9009-C27F6AC7C35A}"
EndProject
Project("{9A19103F-16F7-4668-BE54-9A1E7A4F7556}") = "EasyDataBasicDemo.NetCore31", "samples\EasyDataBasicDemo.NetCore31\EasyDataBasicDemo.NetCore31.csproj", "{3ABCB15D-BBED-4645-BB14-43EBB9F2C218}"
EndProject
Project("{9A19103F-16F7-4668-BE54-9A1E7A4F7556}") = "EasyData.EntityFrameworkCore.Relational.Tests", "easydata.net\test\EasyData.EntityFrameworkCore.Relational.Tests\EasyData.EntityFrameworkCore.Relational.Tests.csproj", "{CEC7BE02-590B-4476-820C-D0952897B4FB}"
EndProject
Project("{9A19103F-16F7-4668-BE54-9A1E7A4F7556}") = "EasyDataBasicDemo", "samples\EasyDataBasicDemo\EasyDataBasicDemo.csproj", "{265323AC-818D-409C-A811-CDB3112DD34C}"
EndProject
Project("{FAE04EC0-301F-11D3-BF4B-00C04F79EFBC}") = "EasyData.AspNetCore.Tests", "easydata.net\test\EasyData.AspNetCore.Tests\EasyData.AspNetCore.Tests.csproj", "{7AC48CCF-EACC-4B11-A81A-EE34DDFD9302}"
EndProject
Global
	GlobalSection(SolutionConfigurationPlatforms) = preSolution
		Debug|Any CPU = Debug|Any CPU
		Release|Any CPU = Release|Any CPU
	EndGlobalSection
	GlobalSection(ProjectConfigurationPlatforms) = postSolution
		{13C5510F-6B6E-44EC-B6E8-3A7259022E8F}.Debug|Any CPU.ActiveCfg = Debug|Any CPU
		{13C5510F-6B6E-44EC-B6E8-3A7259022E8F}.Debug|Any CPU.Build.0 = Debug|Any CPU
		{13C5510F-6B6E-44EC-B6E8-3A7259022E8F}.Release|Any CPU.ActiveCfg = Release|Any CPU
		{13C5510F-6B6E-44EC-B6E8-3A7259022E8F}.Release|Any CPU.Build.0 = Release|Any CPU
		{8D9A1317-00FC-4464-AFFB-68A9DDD090AD}.Debug|Any CPU.ActiveCfg = Debug|Any CPU
		{8D9A1317-00FC-4464-AFFB-68A9DDD090AD}.Debug|Any CPU.Build.0 = Debug|Any CPU
		{8D9A1317-00FC-4464-AFFB-68A9DDD090AD}.Release|Any CPU.ActiveCfg = Release|Any CPU
		{8D9A1317-00FC-4464-AFFB-68A9DDD090AD}.Release|Any CPU.Build.0 = Release|Any CPU
		{225FC9AE-7FF8-46C0-AC74-A14DD17D8B36}.Debug|Any CPU.ActiveCfg = Debug|Any CPU
		{225FC9AE-7FF8-46C0-AC74-A14DD17D8B36}.Debug|Any CPU.Build.0 = Debug|Any CPU
		{225FC9AE-7FF8-46C0-AC74-A14DD17D8B36}.Release|Any CPU.ActiveCfg = Release|Any CPU
		{225FC9AE-7FF8-46C0-AC74-A14DD17D8B36}.Release|Any CPU.Build.0 = Release|Any CPU
		{CA9CE555-3472-4985-9009-C27F6AC7C35A}.Debug|Any CPU.ActiveCfg = Debug|Any CPU
		{CA9CE555-3472-4985-9009-C27F6AC7C35A}.Debug|Any CPU.Build.0 = Debug|Any CPU
		{CA9CE555-3472-4985-9009-C27F6AC7C35A}.Release|Any CPU.ActiveCfg = Release|Any CPU
		{CA9CE555-3472-4985-9009-C27F6AC7C35A}.Release|Any CPU.Build.0 = Release|Any CPU
		{3ABCB15D-BBED-4645-BB14-43EBB9F2C218}.Debug|Any CPU.ActiveCfg = Debug|Any CPU
		{3ABCB15D-BBED-4645-BB14-43EBB9F2C218}.Debug|Any CPU.Build.0 = Debug|Any CPU
		{3ABCB15D-BBED-4645-BB14-43EBB9F2C218}.Release|Any CPU.ActiveCfg = Release|Any CPU
		{3ABCB15D-BBED-4645-BB14-43EBB9F2C218}.Release|Any CPU.Build.0 = Release|Any CPU
		{CEC7BE02-590B-4476-820C-D0952897B4FB}.Debug|Any CPU.ActiveCfg = Debug|Any CPU
		{CEC7BE02-590B-4476-820C-D0952897B4FB}.Debug|Any CPU.Build.0 = Debug|Any CPU
		{CEC7BE02-590B-4476-820C-D0952897B4FB}.Release|Any CPU.ActiveCfg = Release|Any CPU
		{CEC7BE02-590B-4476-820C-D0952897B4FB}.Release|Any CPU.Build.0 = Release|Any CPU
		{265323AC-818D-409C-A811-CDB3112DD34C}.Debug|Any CPU.ActiveCfg = Debug|Any CPU
		{265323AC-818D-409C-A811-CDB3112DD34C}.Debug|Any CPU.Build.0 = Debug|Any CPU
		{265323AC-818D-409C-A811-CDB3112DD34C}.Release|Any CPU.ActiveCfg = Release|Any CPU
		{265323AC-818D-409C-A811-CDB3112DD34C}.Release|Any CPU.Build.0 = Release|Any CPU
		{7AC48CCF-EACC-4B11-A81A-EE34DDFD9302}.Debug|Any CPU.ActiveCfg = Debug|Any CPU
		{7AC48CCF-EACC-4B11-A81A-EE34DDFD9302}.Debug|Any CPU.Build.0 = Debug|Any CPU
		{7AC48CCF-EACC-4B11-A81A-EE34DDFD9302}.Release|Any CPU.ActiveCfg = Release|Any CPU
		{7AC48CCF-EACC-4B11-A81A-EE34DDFD9302}.Release|Any CPU.Build.0 = Release|Any CPU
	EndGlobalSection
	GlobalSection(SolutionProperties) = preSolution
		HideSolutionNode = FALSE
	EndGlobalSection
	GlobalSection(NestedProjects) = preSolution
		{13C5510F-6B6E-44EC-B6E8-3A7259022E8F} = {31AA3146-8803-4B07-9E0F-30133D2B46E1}
		{8D9A1317-00FC-4464-AFFB-68A9DDD090AD} = {AFA27B1D-9AD5-4592-8F01-3820735869DD}
		{225FC9AE-7FF8-46C0-AC74-A14DD17D8B36} = {31AA3146-8803-4B07-9E0F-30133D2B46E1}
		{CA9CE555-3472-4985-9009-C27F6AC7C35A} = {31AA3146-8803-4B07-9E0F-30133D2B46E1}
		{3ABCB15D-BBED-4645-BB14-43EBB9F2C218} = {0957E6EC-B9F4-4218-91CF-02D5999E7464}
		{CEC7BE02-590B-4476-820C-D0952897B4FB} = {AFA27B1D-9AD5-4592-8F01-3820735869DD}
		{265323AC-818D-409C-A811-CDB3112DD34C} = {0957E6EC-B9F4-4218-91CF-02D5999E7464}
		{7AC48CCF-EACC-4B11-A81A-EE34DDFD9302} = {AFA27B1D-9AD5-4592-8F01-3820735869DD}
	EndGlobalSection
	GlobalSection(ExtensibilityGlobals) = postSolution
		SolutionGuid = {3511A88C-6DCD-4D80-BF6F-1EA767B2B0F6}
	EndGlobalSection
EndGlobal
