
Microsoft Visual Studio Solution File, Format Version 12.00
# Visual Studio Version 17
VisualStudioVersion = 17.0.32014.148
MinimumVisualStudioVersion = 10.0.40219.1
Project("{FAE04EC0-301F-11D3-BF4B-00C04F79EFBC}") = "EasyDataBasicDemo.RazorPages.Net6", "EasyDataBasicDemo.RazorPages.Net6.csproj", "{FD342C61-21EB-4728-8C36-7F7E70F79157}"
EndProject
Global
	GlobalSection(SolutionConfigurationPlatforms) = preSolution
		Debug|Any CPU = Debug|Any CPU
		Release|Any CPU = Release|Any CPU
	EndGlobalSection
	GlobalSection(ProjectConfigurationPlatforms) = postSolution
		{FD342C61-21EB-4728-8C36-7F7E70F79157}.Debug|Any CPU.ActiveCfg = Debug|Any CPU
		{FD342C61-21EB-4728-8C36-7F7E70F79157}.Debug|Any CPU.Build.0 = Debug|Any CPU
		{FD342C61-21EB-4728-8C36-7F7E70F79157}.Release|Any CPU.ActiveCfg = Release|Any CPU
		{FD342C61-21EB-4728-8C36-7F7E70F79157}.Release|Any CPU.Build.0 = Release|Any CPU
	EndGlobalSection
	GlobalSection(SolutionProperties) = preSolution
		HideSolutionNode = FALSE
	EndGlobalSection
	GlobalSection(ExtensibilityGlobals) = postSolution
		SolutionGuid = {33EA05B5-C1FD-4BFD-ADD8-B65E2CA45F4D}
	EndGlobalSection
EndGlobal
